
Microsoft Visual Studio Solution File, Format Version 12.00
# Visual Studio Version 16
VisualStudioVersion = 16.0.29709.97
MinimumVisualStudioVersion = 10.0.40219.1
Project("{FAE04EC0-301F-11D3-BF4B-00C04F79EFBC}") = "TheInterviewBook", "TheInterviewBook\TheInterviewBook.csproj", "{A60C8A6E-F77F-4489-BA18-70936FB47BFE}"
EndProject
Global
	GlobalSection(SolutionConfigurationPlatforms) = preSolution
		Debug|Any CPU = Debug|Any CPU
		Release|Any CPU = Release|Any CPU
	EndGlobalSection
	GlobalSection(ProjectConfigurationPlatforms) = postSolution
		{A60C8A6E-F77F-4489-BA18-70936FB47BFE}.Debug|Any CPU.ActiveCfg = Debug|Any CPU
		{A60C8A6E-F77F-4489-BA18-70936FB47BFE}.Debug|Any CPU.Build.0 = Debug|Any CPU
		{A60C8A6E-F77F-4489-BA18-70936FB47BFE}.Release|Any CPU.ActiveCfg = Release|Any CPU
		{A60C8A6E-F77F-4489-BA18-70936FB47BFE}.Release|Any CPU.Build.0 = Release|Any CPU
	EndGlobalSection
	GlobalSection(SolutionProperties) = preSolution
		HideSolutionNode = FALSE
	EndGlobalSection
	GlobalSection(ExtensibilityGlobals) = postSolution
		SolutionGuid = {460A3429-18D6-4442-98DC-C2D0A66F7929}
	EndGlobalSection
EndGlobal
